// !$*UTF8*$!
{
	archiveVersion = 1;
	classes = {
	};
	objectVersion = 46;
	objects = {

/* Begin PBXBuildFile section */
		D22CF9B71E3482F8007E7635 /* AppDelegate.swift in Sources */ = {isa = PBXBuildFile; fileRef = D22CF9B61E3482F8007E7635 /* AppDelegate.swift */; };
		D22CF9B91E3482F8007E7635 /* ViewController.swift in Sources */ = {isa = PBXBuildFile; fileRef = D22CF9B81E3482F8007E7635 /* ViewController.swift */; };
		D22CF9BC1E3482F8007E7635 /* Main.storyboard in Resources */ = {isa = PBXBuildFile; fileRef = D22CF9BA1E3482F8007E7635 /* Main.storyboard */; };
		D22CF9BE1E3482F8007E7635 /* Assets.xcassets in Resources */ = {isa = PBXBuildFile; fileRef = D22CF9BD1E3482F8007E7635 /* Assets.xcassets */; };
		D22CF9C11E3482F8007E7635 /* LaunchScreen.storyboard in Resources */ = {isa = PBXBuildFile; fileRef = D22CF9BF1E3482F8007E7635 /* LaunchScreen.storyboard */; };
/* End PBXBuildFile section */

/* Begin PBXFileReference section */
		D22CF9B31E3482F8007E7635 /* ModalViewControllerExample.app */ = {isa = PBXFileReference; explicitFileType = wrapper.application; includeInIndex = 0; path = ModalViewControllerExample.app; sourceTree = BUILT_PRODUCTS_DIR; };
		D22CF9B61E3482F8007E7635 /* AppDelegate.swift */ = {isa = PBXFileReference; lastKnownFileType = sourcecode.swift; path = AppDelegate.swift; sourceTree = "<group>"; };
		D22CF9B81E3482F8007E7635 /* ViewController.swift */ = {isa = PBXFileReference; lastKnownFileType = sourcecode.swift; path = ViewController.swift; sourceTree = "<group>"; };
		D22CF9BB1E3482F8007E7635 /* Base */ = {isa = PBXFileReference; lastKnownFileType = file.storyboard; name = Base; path = Base.lproj/Main.storyboard; sourceTree = "<group>"; };
		D22CF9BD1E3482F8007E7635 /* Assets.xcassets */ = {isa = PBXFileReference; lastKnownFileType = folder.assetcatalog; path = Assets.xcassets; sourceTree = "<group>"; };
		D22CF9C01E3482F8007E7635 /* Base */ = {isa = PBXFileReference; lastKnownFileType = file.storyboard; name = Base; path = Base.lproj/LaunchScreen.storyboard; sourceTree = "<group>"; };
		D22CF9C21E3482F8007E7635 /* Info.plist */ = {isa = PBXFileReference; lastKnownFileType = text.plist.xml; path = Info.plist; sourceTree = "<group>"; };
/* End PBXFileReference section */

/* Begin PBXFrameworksBuildPhase section */
		D22CF9B01E3482F8007E7635 /* Frameworks */ = {
			isa = PBXFrameworksBuildPhase;
			buildActionMask = 2147483647;
			files = (
			);
			runOnlyForDeploymentPostprocessing = 0;
		};
/* End PBXFrameworksBuildPhase section */

/* Begin PBXGroup section */
		D22CF9AA1E3482F8007E7635 = {
			isa = PBXGroup;
			children = (
				D22CF9B51E3482F8007E7635 /* ModalViewControllerExample */,
				D22CF9B41E3482F8007E7635 /* Products */,
			);
			sourceTree = "<group>";
		};
		D22CF9B41E3482F8007E7635 /* Products */ = {
			isa = PBXGroup;
			children = (
				D22CF9B31E3482F8007E7635 /* ModalViewControllerExample.app */,
			);
			name = Products;
			sourceTree = "<group>";
		};
		D22CF9B51E3482F8007E7635 /* ModalViewControllerExample */ = {
			isa = PBXGroup;
			children = (
				D22CF9B61E3482F8007E7635 /* AppDelegate.swift */,
				D22CF9B81E3482F8007E7635 /* ViewController.swift */,
				D22CF9BA1E3482F8007E7635 /* Main.storyboard */,
				D22CF9BD1E3482F8007E7635 /* Assets.xcassets */,
				D22CF9BF1E3482F8007E7635 /* LaunchScreen.storyboard */,
				D22CF9C21E3482F8007E7635 /* Info.plist */,
			);
			path = ModalViewControllerExample;
			sourceTree = "<group>";
		};
/* End PBXGroup section */

/* Begin PBXNativeTarget section */
		D22CF9B21E3482F8007E7635 /* ModalViewControllerExample */ = {
			isa = PBXNativeTarget;
			buildConfigurationList = D22CF9C51E3482F8007E7635 /* Build configuration list for PBXNativeTarget "ModalViewControllerExample" */;
			buildPhases = (
				D22CF9AF1E3482F8007E7635 /* Sources */,
				D22CF9B01E3482F8007E7635 /* Frameworks */,
				D22CF9B11E3482F8007E7635 /* Resources */,
			);
			buildRules = (
			);
			dependencies = (
			);
			name = ModalViewControllerExample;
			productName = ModalViewControllerExample;
			productReference = D22CF9B31E3482F8007E7635 /* ModalViewControllerExample.app */;
			productType = "com.apple.product-type.application";
		};
/* End PBXNativeTarget section */

/* Begin PBXProject section */
		D22CF9AB1E3482F8007E7635 /* Project object */ = {
			isa = PBXProject;
			attributes = {
				LastSwiftUpdateCheck = 0820;
				LastUpgradeCheck = 0820;
				ORGANIZATIONNAME = "Yury Radchenko";
				TargetAttributes = {
					D22CF9B21E3482F8007E7635 = {
						CreatedOnToolsVersion = 8.2;
						DevelopmentTeam = 29664JHSDY;
						ProvisioningStyle = Automatic;
					};
				};
			};
			buildConfigurationList = D22CF9AE1E3482F8007E7635 /* Build configuration list for PBXProject "ModalViewControllerExample" */;
			compatibilityVersion = "Xcode 3.2";
			developmentRegion = English;
			hasScannedForEncodings = 0;
			knownRegions = (
				en,
				Base,
			);
			mainGroup = D22CF9AA1E3482F8007E7635;
			productRefGroup = D22CF9B41E3482F8007E7635 /* Products */;
			projectDirPath = "";
			projectRoot = "";
			targets = (
				D22CF9B21E3482F8007E7635 /* ModalViewControllerExample */,
			);
		};
/* End PBXProject section */

/* Begin PBXResourcesBuildPhase section */
		D22CF9B11E3482F8007E7635 /* Resources */ = {
			isa = PBXResourcesBuildPhase;
			buildActionMask = 2147483647;
			files = (
				D22CF9C11E3482F8007E7635 /* LaunchScreen.storyboard in Resources */,
				D22CF9BE1E3482F8007E7635 /* Assets.xcassets in Resources */,
				D22CF9BC1E3482F8007E7635 /* Main.storyboard in Resources */,
			);
			runOnlyForDeploymentPostprocessing = 0;
		};
/* End PBXResourcesBuildPhase section */

/* Begin PBXSourcesBuildPhase section */
		D22CF9AF1E3482F8007E7635 /* Sources */ = {
			isa = PBXSourcesBuildPhase;
			buildActionMask = 2147483647;
			files = (
				D22CF9B91E3482F8007E7635 /* ViewController.swift in Sources */,
				D22CF9B71E3482F8007E7635 /* AppDelegate.swift in Sources */,
			);
			runOnlyForDeploymentPostprocessing = 0;
		};
/* End PBXSourcesBuildPhase section */

/* Begin PBXVariantGroup section */
		D22CF9BA1E3482F8007E7635 /* Main.storyboard */ = {
			isa = PBXVariantGroup;
			children = (
				D22CF9BB1E3482F8007E7635 /* Base */,
			);
			name = Main.storyboard;
			sourceTree = "<group>";
		};
		D22CF9BF1E3482F8007E7635 /* LaunchScreen.storyboard */ = {
			isa = PBXVariantGroup;
			children = (
				D22CF9C01E3482F8007E7635 /* Base */,
			);
			name = LaunchScreen.storyboard;
			sourceTree = "<group>";
		};
/* End PBXVariantGroup section */

/* Begin XCBuildConfiguration section */
		D22CF9C31E3482F8007E7635 /* Debug */ = {
			isa = XCBuildConfiguration;
			buildSettings = {
				ALWAYS_SEARCH_USER_PATHS = NO;
				CLANG_ANALYZER_NONNULL = YES;
				CLANG_CXX_LANGUAGE_STANDARD = "gnu++0x";
				CLANG_CXX_LIBRARY = "libc++";
				CLANG_ENABLE_MODULES = YES;
				CLANG_ENABLE_OBJC_ARC = YES;
				CLANG_WARN_BOOL_CONVERSION = YES;
				CLANG_WARN_CONSTANT_CONVERSION = YES;
				CLANG_WARN_DIRECT_OBJC_ISA_USAGE = YES_ERROR;
				CLANG_WARN_DOCUMENTATION_COMMENTS = YES;
				CLANG_WARN_EMPTY_BODY = YES;
				CLANG_WARN_ENUM_CONVERSION = YES;
				CLANG_WARN_INFINITE_RECURSION = YES;
				CLANG_WARN_INT_CONVERSION = YES;
				CLANG_WARN_OBJC_ROOT_CLASS = YES_ERROR;
				CLANG_WARN_SUSPICIOUS_MOVE = YES;
				CLANG_WARN_UNREACHABLE_CODE = YES;
				CLANG_WARN__DUPLICATE_METHOD_MATCH = YES;
				"CODE_SIGN_IDENTITY[sdk=iphoneos*]" = "iPhone Developer";
				COPY_PHASE_STRIP = NO;
				DEBUG_INFORMATION_FORMAT = dwarf;
				ENABLE_STRICT_OBJC_MSGSEND = YES;
				ENABLE_TESTABILITY = YES;
				GCC_C_LANGUAGE_STANDARD = gnu99;
				GCC_DYNAMIC_NO_PIC = NO;
				GCC_NO_COMMON_BLOCKS = YES;
				GCC_OPTIMIZATION_LEVEL = 0;
				GCC_PREPROCESSOR_DEFINITIONS = (
					"DEBUG=1",
					"$(inherited)",
				);
				GCC_WARN_64_TO_32_BIT_CONVERSION = YES;
				GCC_WARN_ABOUT_RETURN_TYPE = YES_ERROR;
				GCC_WARN_UNDECLARED_SELECTOR = YES;
				GCC_WARN_UNINITIALIZED_AUTOS = YES_AGGRESSIVE;
				GCC_WARN_UNUSED_FUNCTION = YES;
				GCC_WARN_UNUSED_VARIABLE = YES;
				IPHONEOS_DEPLOYMENT_TARGET = 10.2;
				MTL_ENABLE_DEBUG_INFO = YES;
				ONLY_ACTIVE_ARCH = YES;
				SDKROOT = iphoneos;
				SWIFT_ACTIVE_COMPILATION_CONDITIONS = DEBUG;
				SWIFT_OPTIMIZATION_LEVEL = "-Onone";
			};
			name = Debug;
		};
		D22CF9C41E3482F8007E7635 /* Release */ = {
			isa = XCBuildConfiguration;
			buildSettings = {
				ALWAYS_SEARCH_USER_PATHS = NO;
				CLANG_ANALYZER_NONNULL = YES;
				CLANG_CXX_LANGUAGE_STANDARD = "gnu++0x";
				CLANG_CXX_LIBRARY = "libc++";
				CLANG_ENABLE_MODULES = YES;
				CLANG_ENABLE_OBJC_ARC = YES;
				CLANG_WARN_BOOL_CONVERSION = YES;
				CLANG_WARN_CONSTANT_CONVERSION = YES;
				CLANG_WARN_DIRECT_OBJC_ISA_USAGE = YES_ERROR;
				CLANG_WARN_DOCUMENTATION_COMMENTS = YES;
				CLANG_WARN_EMPTY_BODY = YES;
				CLANG_WARN_ENUM_CONVERSION = YES;
				CLANG_WARN_INFINITE_RECURSION = YES;
				CLANG_WARN_INT_CONVERSION = YES;
				CLANG_WARN_OBJC_ROOT_CLASS = YES_ERROR;
				CLANG_WARN_SUSPICIOUS_MOVE = YES;
				CLANG_WARN_UNREACHABLE_CODE = YES;
				CLANG_WARN__DUPLICATE_METHOD_MATCH = YES;
				"CODE_SIGN_IDENTITY[sdk=iphoneos*]" = "iPhone Developer";
				COPY_PHASE_STRIP = NO;
				DEBUG_INFORMATION_FORMAT = "dwarf-with-dsym";
				ENABLE_NS_ASSERTIONS = NO;
				ENABLE_STRICT_OBJC_MSGSEND = YES;
				GCC_C_LANGUAGE_STANDARD = gnu99;
				GCC_NO_COMMON_BLOCKS = YES;
				GCC_WARN_64_TO_32_BIT_CONVERSION = YES;
				GCC_WARN_ABOUT_RETURN_TYPE = YES_ERROR;
				GCC_WARN_UNDECLARED_SELECTOR = YES;
				GCC_WARN_UNINITIALIZED_AUTOS = YES_AGGRESSIVE;
				GCC_WARN_UNUSED_FUNCTION = YES;
				GCC_WARN_UNUSED_VARIABLE = YES;
				IPHONEOS_DEPLOYMENT_TARGET = 10.2;
				MTL_ENABLE_DEBUG_INFO = NO;
				SDKROOT = iphoneos;
				SWIFT_OPTIMIZATION_LEVEL = "-Owholemodule";
				VALIDATE_PRODUCT = YES;
			};
			name = Release;
		};
		D22CF9C61E3482F8007E7635 /* Debug */ = {
			isa = XCBuildConfiguration;
			buildSettings = {
				ASSETCATALOG_COMPILER_APPICON_NAME = AppIcon;
				DEVELOPMENT_TEAM = 29664JHSDY;
				INFOPLIST_FILE = ModalViewControllerExample/Info.plist;
				LD_RUNPATH_SEARCH_PATHS = "$(inherited) @executable_path/Frameworks";
				PRODUCT_BUNDLE_IDENTIFIER = com.ipadchenko.ModalViewControllerExample;
				PRODUCT_NAME = "$(TARGET_NAME)";
				SWIFT_VERSION = 3.0;
			};
			name = Debug;
		};
		D22CF9C71E3482F8007E7635 /* Release */ = {
			isa = XCBuildConfiguration;
			buildSettings = {
				ASSETCATALOG_COMPILER_APPICON_NAME = AppIcon;
				DEVELOPMENT_TEAM = 29664JHSDY;
				INFOPLIST_FILE = ModalViewControllerExample/Info.plist;
				LD_RUNPATH_SEARCH_PATHS = "$(inherited) @executable_path/Frameworks";
				PRODUCT_BUNDLE_IDENTIFIER = com.ipadchenko.ModalViewControllerExample;
				PRODUCT_NAME = "$(TARGET_NAME)";
				SWIFT_VERSION = 3.0;
			};
			name = Release;
		};
/* End XCBuildConfiguration section */

/* Begin XCConfigurationList section */
		D22CF9AE1E3482F8007E7635 /* Build configuration list for PBXProject "ModalViewControllerExample" */ = {
			isa = XCConfigurationList;
			buildConfigurations = (
				D22CF9C31E3482F8007E7635 /* Debug */,
				D22CF9C41E3482F8007E7635 /* Release */,
			);
			defaultConfigurationIsVisible = 0;
			defaultConfigurationName = Release;
		};
		D22CF9C51E3482F8007E7635 /* Build configuration list for PBXNativeTarget "ModalViewControllerExample" */ = {
			isa = XCConfigurationList;
			buildConfigurations = (
				D22CF9C61E3482F8007E7635 /* Debug */,
				D22CF9C71E3482F8007E7635 /* Release */,
			);
			defaultConfigurationIsVisible = 0;
		};
/* End XCConfigurationList section */
	};
	rootObject = D22CF9AB1E3482F8007E7635 /* Project object */;
}
